---
lockfileVersion: '9.0'

importers:

  .:
    configDependencies: {}
    packageManagerDependencies:
      pnpm:
        specifier: 12.7.0
        version: 12.7.0

packages:

  '@pnpm/exe.android-arm64@12.7.0':
    resolution: {integrity: sha512-gJTCsUbazAEbIMF9l2t+z3YWHCI0AiThtBsxU6FrxXK0tZsBRZZWpleLs0uY8Dy6V0RcPEusn3UyuAyFn3dkeA==}
    cpu: [arm64]
    os: [android]

  '@pnpm/exe.android-x64@12.7.0':
    resolution: {integrity: sha512-7187pEwqAwbrmXesKiCXfmQUARVacBooJDTWqL+9olZh7sZwnECq5pB/KzuYZbnmdHZUkBWRyvChzKojmtSE7Q==}
    cpu: [x64]
    os: [android]

  '@pnpm/exe.darwin-arm64@12.7.0':
    resolution: {integrity: sha512-ppzJ2ln60/Oq0BJpy5bHqwZb0q1Trg/+xb7myxjaIgZfaybwnH3OuFX5w8PPQdRrjYwljgygYLC/7LMtZc/iuQ==}
    cpu: [arm64]
    os: [darwin]

  '@pnpm/exe.darwin-x64@12.7.0':
    resolution: {integrity: sha512-+qxS/A5O4rFD7T+qqWnWjESbKVAzKsh9LubDHt9xZ34AbwVk3ZFcAW/7vX5R1jqq+uGgziMPtcVJKc5CICVHCQ==}
    cpu: [x64]
    os: [darwin]

  '@pnpm/exe.freebsd-x64@12.7.0':
    resolution: {integrity: sha512-uv0x93hoecec7IlT/FCwQe2siStGspG7G3EZQtIHH2n3ClDzbsQcEiW1QbMoAyZoLVrR7Pm9ovTndUCRcZ5y1g==}
    cpu: [x64]
    os: [freebsd]

  '@pnpm/exe.linux-arm64-musl@12.7.0':
    resolution: {integrity: sha512-XZlRiVL/l8mOhPyaocElpaHq6rKHDvkP/oyo1hHgUePX+XzBtQ0KLEgkBLZbk1/f5yGWimQTPmBNvzaYzQLdOg==}
    cpu: [arm64]
    os: [linux]
    libc: [musl]

  '@pnpm/exe.linux-arm64@12.7.0':
    resolution: {integrity: sha512-vwPQU+Bt3qXMhzjcmMa25W3yP8OyF9yFxHoojr10QJm9lRUmz/SwtM2oHbHKZKkyid/ngmMARXsChFyuRQig5w==}
    cpu: [arm64]
    os: [linux]
    libc: [glibc]

  '@pnpm/exe.linux-ppc64@12.7.0':
    resolution: {integrity: sha512-qzE3TEXYLw0gR2ytclbsGeQ7cA981GeTHMAn86cw9+Jn8nQNa8LZ5ZzCxKRXtGvkEN/FDc0oyGdtILT4JHSStg==}
    cpu: [ppc64]
    os: [linux]
    libc: [glibc]

  '@pnpm/exe.linux-riscv64@12.7.0':
    resolution: {integrity: sha512-bTw09mf/v+AuftWePL7pO3WZR0p52A9flr8zpGlcvxKUAKRTE2BDOVeZsWk/8f01ZaO2/0ECtEds6CKfec591w==}
    cpu: [riscv64]
    os: [linux]
    libc: [glibc]

  '@pnpm/exe.linux-s390x@12.7.0':
    resolution: {integrity: sha512-frVk6Ilh2sKVs+CINnJCp3+kiGRi/cE3DARmFftljlrGX09livS4UU37uc7EsAxI4Kbt0WZjeTVT2q6XbVJCrA==}
    cpu: [s390x]
    os: [linux]
    libc: [glibc]

  '@pnpm/exe.linux-x64-musl@12.7.0':
    resolution: {integrity: sha512-AhoNY7xkhUb0GLqjrtxmxKZsoNM1Jea/VH/ypxt9nyBA5gXJGXo6uM+2Pode3vrWf1rSiVGicokkyEZLkDKf+A==}
    cpu: [x64]
    os: [linux]
    libc: [musl]

  '@pnpm/exe.linux-x64@12.7.0':
    resolution: {integrity: sha512-gGW7NJFmr33IJ6KZu+1w90KBtFxMVf/+AUG8aKJpy4v6dRnUd5v84PcH2ejUuxp/fm3zM0IY6h9LwcYPu9dxdg==}
    cpu: [x64]
    os: [linux]
    libc: [glibc]

  '@pnpm/exe.win32-arm64@12.7.0':
    resolution: {integrity: sha512-cI+aZwzOCQc7hQwCA1BydiM3FpxVHdfdMzI3jOG7MQ0d8NHvk5MrdKTTKiKJH2L5VdwWoWHFXbnvhCEyN/fVsg==}
    cpu: [arm64]
    os: [win32]

  '@pnpm/exe.win32-x64@12.7.0':
    resolution: {integrity: sha512-+eZ6gFsDbdyuw7GO7amdRh+GpjrQOIe9qjjOmeznWeEsfEeD8GNSrRXtbWe/zpPcxheexAnO7UCeavkhHLVFWg==}
    cpu: [x64]
    os: [win32]

  pnpm@12.7.0:
    resolution: {integrity: sha512-nFZHfjYAaNbp3KapLvtORrPcWlL86/PYTXi5c2wN7ViaVhYhpS9oIZp6OfrMY83AecMibvnJ1fArefdOaagHtg==}
    engines: {node: '>=18.*'}
    hasBin: true

snapshots:

  '@pnpm/exe.android-arm64@12.7.0':
    optional: true

  '@pnpm/exe.android-x64@12.7.0':
    optional: true

  '@pnpm/exe.darwin-arm64@12.7.0':
    optional: true

  '@pnpm/exe.darwin-x64@12.7.0':
    optional: true

  '@pnpm/exe.freebsd-x64@12.7.0':
    optional: true

  '@pnpm/exe.linux-arm64-musl@12.7.0':
    optional: true

  '@pnpm/exe.linux-arm64@12.7.0':
    optional: true

  '@pnpm/exe.linux-ppc64@12.7.0':
    optional: true

  '@pnpm/exe.linux-riscv64@12.7.0':
    optional: true

  '@pnpm/exe.linux-s390x@12.7.0':
    optional: true

  '@pnpm/exe.linux-x64-musl@12.7.0':
    optional: true

  '@pnpm/exe.linux-x64@12.7.0':
    optional: true

  '@pnpm/exe.win32-arm64@12.7.0':
    optional: true

  '@pnpm/exe.win32-x64@12.7.0':
    optional: true

  pnpm@12.7.0:
    optionalDependencies:
      '@pnpm/exe.android-arm64': 12.7.0
      '@pnpm/exe.android-x64': 12.7.0
      '@pnpm/exe.darwin-arm64': 12.7.0
      '@pnpm/exe.darwin-x64': 12.7.0
      '@pnpm/exe.freebsd-x64': 12.7.0
      '@pnpm/exe.linux-arm64': 12.7.0
      '@pnpm/exe.linux-arm64-musl': 12.7.0
      '@pnpm/exe.linux-ppc64': 12.7.0
      '@pnpm/exe.linux-riscv64': 12.7.0
      '@pnpm/exe.linux-s390x': 12.7.0
      '@pnpm/exe.linux-x64': 12.7.0
      '@pnpm/exe.linux-x64-musl': 12.7.0
      '@pnpm/exe.win32-arm64': 12.7.0
      '@pnpm/exe.win32-x64': 12.7.0

---
lockfileVersion: '9.0'

settings:
  autoInstallPeers: true
  excludeLinksFromLockfile: false

overrides:
  picomatch@>=4.0.0 <4.0.4: '>=4.0.4'

importers:

  .:
    devDependencies:
      playwright:
        specifier: 1.63.0
        version: 1.63.0
      prettier:
        specifier: ^3.6.2
        version: 3.9.9
      prettier-plugin-packagejson:
        specifier: ^3.0.0
        version: 3.0.2(prettier@3.9.9)
      yaml:
        specifier: 2.9.1
        version: 2.9.1

packages:

  detect-indent@7.0.2:
    resolution: {integrity: sha512-y+8xyqdGLL+6sh0tVeHcfP/QDd8gUgbasolJJpY7NgeQGSZ739bDtSiaiDgtoicy+mtYB81dKLxO9xRhCyIB3A==}
    engines: {node: '>=12.20'}

  detect-newline@4.0.1:
    resolution: {integrity: sha512-qE3Veg1YXzGHQhlA6jzebZN2qVf6NX+A7m7qlhCGG30dJixrAQhYOsJjsnBjJkCSmuOPpCk30145fr8FV0bzog==}
    engines: {node: ^12.20.0 || ^14.13.1 || >=16.0.0}

  fdir@6.5.0:
    resolution: {integrity: sha512-tIbYtZbucOs0BRGqPJkshJUYdL+SDH7dVM8gjy+ERp3WAUjLEFJE+02kanyHtwjWOnwrKYBiwAmM0p4kLJAnXg==}
    engines: {node: '>=12.0.0'}
    peerDependencies:
      picomatch: '>=4.0.4'
    peerDependenciesMeta:
      picomatch:
        optional: true

  git-hooks-list@4.2.1:
    resolution: {integrity: sha512-WNvqJjOxxs/8ZP9+DWdwWJ7cDsd60NHf39XnD82pDVrKO5q7xfPqpkK6hwEAmBa/ZSEE4IOoR75EzbbIuwGlMw==}

  is-plain-obj@4.1.0:
    resolution: {integrity: sha512-+Pgi+vMuUNkJyExiMBt5IlFoMyKnr5zhJ4Uspz58WOhBF5QoIZkFyNHIbBAtHwzVAgk5RtndVNsDRN61/mmDqg==}
    engines: {node: '>=12'}

  picomatch@4.0.4:
    resolution: {integrity: sha512-QP88BAKvMam/3NxH6vj2o21R6MjxZUAd6nlwAS/pnGvN9IVLocLHxGYIzFhg6fUQ+5th6P4dv4eW9jX3DSIj7A==}
    engines: {node: '>=12'}

  playwright-core@1.63.0:
    resolution: {integrity: sha512-rYCsBF/M5HjUch52bbtVONEFjv6Xu8sm8h72dNlR5bzIE1fvC/bxgspzkjSfU+MweEMmPM8KJebG6nnyxo5mCg==}
    engines: {node: '>=20'}
    hasBin: true

  playwright@1.63.0:
    resolution: {integrity: sha512-+7ziBLidS4NaNCdt57SUDT+wYmmd5fmiQejUic/kb+YsYSCPyOOE9sebzMjNmQrsnNpDJqd4WHvV/8lfKfUDUg==}
    engines: {node: '>=20'}
    hasBin: true

  prettier-plugin-packagejson@3.0.2:
    resolution: {integrity: sha512-kmoj3hEynXwoHDo8ZhmWAIjRBoQWCDUVackiWfSDWdgD0rS3LGB61T9zoVbume/cotYdCoadUh4sqViAmXvpBQ==}
    peerDependencies:
      prettier: ^3
    peerDependenciesMeta:
      prettier:
        optional: true

  prettier@3.9.9:
    resolution: {integrity: sha512-Z/CJHIkdujO/OtN7nXUii0Rf3VT5SRuhjBA82Xvu2XhBUgX3nhP67T0LHceBdQLex7OOFGTox+Q5Yg8Jk2Qivg==}
    engines: {node: '>=14'}
    hasBin: true

  semver@7.7.4:
    resolution: {integrity: sha512-vFKC2IEtQnVhpT78h1Yp8wzwrf8CM+MzKMHGJZfBtzhZNycRFnXsHk6E5TxIkkMsgNS7mdX3AGB7x2QM2di4lA==}
    engines: {node: '>=10'}
    hasBin: true

  sort-object-keys@2.1.0:
    resolution: {integrity: sha512-SOiEnthkJKPv2L6ec6HMwhUcN0/lppkeYuN1x63PbyPRrgSPIuBJCiYxYyvWRTtjMlOi14vQUCGUJqS6PLVm8g==}

  sort-package-json@3.6.1:
    resolution: {integrity: sha512-Chgejw1+10p2D0U2tB7au1lHtz6TkFnxmvZktyBCRyV0GgmF6nl1IxXxAsPtJVsUyg/fo+BfCMAVVFUVRkAHrQ==}
    engines: {node: '>=20'}
    hasBin: true

  tinyglobby@0.2.15:
    resolution: {integrity: sha512-j2Zq4NyQYG5XMST4cbs02Ak8iJUdxRM0XI5QyxXuZOzKOINmWurp3smXu3y5wDcJrptwpSjgXHzIQxR0omXljQ==}
    engines: {node: '>=12.0.0'}

  yaml@2.9.1:
    resolution: {integrity: sha512-3NxN8+78OdzbT7C/WjGsyfPAtJaN3FNDsWxv7Y7mcDsT/oOmgW8BpyQQFFBnvZE3j9Y2Sdz1ULFLezL7Eb2yFw==}
    engines: {node: '>= 14.6'}
    hasBin: true

snapshots:

  detect-indent@7.0.2: {}

  detect-newline@4.0.1: {}

  fdir@6.5.0(picomatch@4.0.4):
    optionalDependencies:
      picomatch: 4.0.4

  git-hooks-list@4.2.1: {}

  is-plain-obj@4.1.0: {}

  picomatch@4.0.4: {}

  playwright-core@1.63.0: {}

  playwright@1.63.0:
    dependencies:
      playwright-core: 1.63.0

  prettier-plugin-packagejson@3.0.2(prettier@3.9.9):
    dependencies:
      sort-package-json: 3.6.1
    optionalDependencies:
      prettier: 3.9.9

  prettier@3.9.9: {}

  semver@7.7.4: {}

  sort-object-keys@2.1.0: {}

  sort-package-json@3.6.1:
    dependencies:
      detect-indent: 7.0.2
      detect-newline: 4.0.1
      git-hooks-list: 4.2.1
      is-plain-obj: 4.1.0
      semver: 7.7.4
      sort-object-keys: 2.1.0
      tinyglobby: 0.2.15

  tinyglobby@0.2.15:
    dependencies:
      fdir: 6.5.0(picomatch@4.0.4)
      picomatch: 4.0.4

  yaml@2.9.1: {}
