---
lockfileVersion: '9.0'

importers:

  .:
    configDependencies: {}
    packageManagerDependencies:
      pnpm:
        specifier: 12.3.0
        version: 12.3.0

packages:

  '@pnpm/exe.darwin-arm64@12.3.0':
    resolution: {integrity: sha512-4J0iSmjp028AMHeUiGkug5Rzo5mqvKo9QUxedYcRgPTLwmuuKZ/lMMnU9EBRrdFEJyWHlUMeGZRXXiqxQSU/2w==}
    cpu: [arm64]
    os: [darwin]

  '@pnpm/exe.darwin-x64@12.3.0':
    resolution: {integrity: sha512-3G8KveX3PTdZH3hSsaQRIlmrF6N8SK1Puce3cFg4Wx304z+SGssCVoATeUf6DKNZ2OorbmfXmTJtbu01r9uvnw==}
    cpu: [x64]
    os: [darwin]

  '@pnpm/exe.linux-arm64-musl@12.3.0':
    resolution: {integrity: sha512-dYGXDx/9RSjMuZfo9MFpCsUVsg1NzCmYTh5+NTPA5/QacK6s9jgjnL74gneYbTsrX5Hz8a8JFkbGsW4JESdRzA==}
    cpu: [arm64]
    os: [linux]
    libc: [musl]

  '@pnpm/exe.linux-arm64@12.3.0':
    resolution: {integrity: sha512-GhgIr7mRJ3XT+YxelC1XcDW35RWGj2JNR5kEMxsV88SOUYdOgf1JNi6aC8Mg7S7oQsEOV5FCEKVolhUgmnyaPw==}
    cpu: [arm64]
    os: [linux]
    libc: [glibc]

  '@pnpm/exe.linux-x64-musl@12.3.0':
    resolution: {integrity: sha512-mKatlNZyEGcUtYgVmJmVshkhq+In6PpdcSQ0aNw0lVn7Yob7Ifezmc7r4bf9nPo09B6GnF/ly5/Gx96fmFjVOw==}
    cpu: [x64]
    os: [linux]
    libc: [musl]

  '@pnpm/exe.linux-x64@12.3.0':
    resolution: {integrity: sha512-cF1R+g/ixeFVqktpiGV5YHHdCvkqSMxRCcI4I0ujx2cE5EZQZAjgNN/q23DwjTz5sH8bRGbvns4Y/Gf/6nUkAg==}
    cpu: [x64]
    os: [linux]
    libc: [glibc]

  '@pnpm/exe.win32-arm64@12.3.0':
    resolution: {integrity: sha512-TF2Shk5Cke2bMsW2H7muW22V4dJnoY+zY87YJLY31OcEyWXwHLIVP06jS1Zy1Si8Qf/VwNJFOlCc7O69viZvjQ==}
    cpu: [arm64]
    os: [win32]

  '@pnpm/exe.win32-x64@12.3.0':
    resolution: {integrity: sha512-JjcFPT2jiynbo0TPQ+WZlV/u0U0PKTcJFQI49H5teEYyqvn0XxgDdiVFTwzJi+6T15tKbiAH4wZmG+LyJdcy3A==}
    cpu: [x64]
    os: [win32]

  pnpm@12.3.0:
    resolution: {integrity: sha512-1705pIgTHeIAruwdvJyli4kEN/CbH5JbG/gg/cRj3wGjKeNpnD2Ke7GG1c8/dctozoIMadayyYNSW8CCHeTFKQ==}
    engines: {node: '>=18.*'}
    hasBin: true

snapshots:

  '@pnpm/exe.darwin-arm64@12.3.0':
    optional: true

  '@pnpm/exe.darwin-x64@12.3.0':
    optional: true

  '@pnpm/exe.linux-arm64-musl@12.3.0':
    optional: true

  '@pnpm/exe.linux-arm64@12.3.0':
    optional: true

  '@pnpm/exe.linux-x64-musl@12.3.0':
    optional: true

  '@pnpm/exe.linux-x64@12.3.0':
    optional: true

  '@pnpm/exe.win32-arm64@12.3.0':
    optional: true

  '@pnpm/exe.win32-x64@12.3.0':
    optional: true

  pnpm@12.3.0:
    optionalDependencies:
      '@pnpm/exe.darwin-arm64': 12.3.0
      '@pnpm/exe.darwin-x64': 12.3.0
      '@pnpm/exe.linux-arm64': 12.3.0
      '@pnpm/exe.linux-arm64-musl': 12.3.0
      '@pnpm/exe.linux-x64': 12.3.0
      '@pnpm/exe.linux-x64-musl': 12.3.0
      '@pnpm/exe.win32-arm64': 12.3.0
      '@pnpm/exe.win32-x64': 12.3.0

---
lockfileVersion: '9.0'

settings:
  autoInstallPeers: true
  excludeLinksFromLockfile: false

overrides:
  picomatch@>=4.0.0 <4.0.4: '>=4.0.4'

importers:

  .:
    devDependencies:
      prettier:
        specifier: ^3.6.2
        version: 3.9.6
      prettier-plugin-packagejson:
        specifier: ^3.0.0
        version: 3.0.2(prettier@3.9.6)

packages:

  detect-indent@7.0.2:
    resolution: {integrity: sha512-y+8xyqdGLL+6sh0tVeHcfP/QDd8gUgbasolJJpY7NgeQGSZ739bDtSiaiDgtoicy+mtYB81dKLxO9xRhCyIB3A==}
    engines: {node: '>=12.20'}

  detect-newline@4.0.1:
    resolution: {integrity: sha512-qE3Veg1YXzGHQhlA6jzebZN2qVf6NX+A7m7qlhCGG30dJixrAQhYOsJjsnBjJkCSmuOPpCk30145fr8FV0bzog==}
    engines: {node: ^12.20.0 || ^14.13.1 || >=16.0.0}

  fdir@6.5.0:
    resolution: {integrity: sha512-tIbYtZbucOs0BRGqPJkshJUYdL+SDH7dVM8gjy+ERp3WAUjLEFJE+02kanyHtwjWOnwrKYBiwAmM0p4kLJAnXg==}
    engines: {node: '>=12.0.0'}
    peerDependencies:
      picomatch: '>=4.0.4'
    peerDependenciesMeta:
      picomatch:
        optional: true

  git-hooks-list@4.2.1:
    resolution: {integrity: sha512-WNvqJjOxxs/8ZP9+DWdwWJ7cDsd60NHf39XnD82pDVrKO5q7xfPqpkK6hwEAmBa/ZSEE4IOoR75EzbbIuwGlMw==}

  is-plain-obj@4.1.0:
    resolution: {integrity: sha512-+Pgi+vMuUNkJyExiMBt5IlFoMyKnr5zhJ4Uspz58WOhBF5QoIZkFyNHIbBAtHwzVAgk5RtndVNsDRN61/mmDqg==}
    engines: {node: '>=12'}

  picomatch@4.0.4:
    resolution: {integrity: sha512-QP88BAKvMam/3NxH6vj2o21R6MjxZUAd6nlwAS/pnGvN9IVLocLHxGYIzFhg6fUQ+5th6P4dv4eW9jX3DSIj7A==}
    engines: {node: '>=12'}

  prettier-plugin-packagejson@3.0.2:
    resolution: {integrity: sha512-kmoj3hEynXwoHDo8ZhmWAIjRBoQWCDUVackiWfSDWdgD0rS3LGB61T9zoVbume/cotYdCoadUh4sqViAmXvpBQ==}
    peerDependencies:
      prettier: ^3
    peerDependenciesMeta:
      prettier:
        optional: true

  prettier@3.9.6:
    resolution: {integrity: sha512-OpN0zzVdiaiAhxpuuj5efpIS4sY9j7bY6uR5mnj5yPzGkdkjNKSJeUThPb60Jw29QuAZgA4o+/iB49kFiaBX6g==}
    engines: {node: '>=14'}
    hasBin: true

  semver@7.7.4:
    resolution: {integrity: sha512-vFKC2IEtQnVhpT78h1Yp8wzwrf8CM+MzKMHGJZfBtzhZNycRFnXsHk6E5TxIkkMsgNS7mdX3AGB7x2QM2di4lA==}
    engines: {node: '>=10'}
    hasBin: true

  sort-object-keys@2.1.0:
    resolution: {integrity: sha512-SOiEnthkJKPv2L6ec6HMwhUcN0/lppkeYuN1x63PbyPRrgSPIuBJCiYxYyvWRTtjMlOi14vQUCGUJqS6PLVm8g==}

  sort-package-json@3.6.1:
    resolution: {integrity: sha512-Chgejw1+10p2D0U2tB7au1lHtz6TkFnxmvZktyBCRyV0GgmF6nl1IxXxAsPtJVsUyg/fo+BfCMAVVFUVRkAHrQ==}
    engines: {node: '>=20'}
    hasBin: true

  tinyglobby@0.2.15:
    resolution: {integrity: sha512-j2Zq4NyQYG5XMST4cbs02Ak8iJUdxRM0XI5QyxXuZOzKOINmWurp3smXu3y5wDcJrptwpSjgXHzIQxR0omXljQ==}
    engines: {node: '>=12.0.0'}

snapshots:

  detect-indent@7.0.2: {}

  detect-newline@4.0.1: {}

  fdir@6.5.0(picomatch@4.0.4):
    optionalDependencies:
      picomatch: 4.0.4

  git-hooks-list@4.2.1: {}

  is-plain-obj@4.1.0: {}

  picomatch@4.0.4: {}

  prettier-plugin-packagejson@3.0.2(prettier@3.9.6):
    dependencies:
      sort-package-json: 3.6.1
    optionalDependencies:
      prettier: 3.9.6

  prettier@3.9.6: {}

  semver@7.7.4: {}

  sort-object-keys@2.1.0: {}

  sort-package-json@3.6.1:
    dependencies:
      detect-indent: 7.0.2
      detect-newline: 4.0.1
      git-hooks-list: 4.2.1
      is-plain-obj: 4.1.0
      semver: 7.7.4
      sort-object-keys: 2.1.0
      tinyglobby: 0.2.15

  tinyglobby@0.2.15:
    dependencies:
      fdir: 6.5.0(picomatch@4.0.4)
      picomatch: 4.0.4
